# THIS IS AN AUTOGENERATED FILE. DO NOT EDIT THIS FILE DIRECTLY.
# yarn lockfile v1


"@types/node@^14.14.36":
  version "14.14.36"
  resolved "https://registry.npm.taobao.org/@types/node/download/@types/node-14.14.36.tgz?cache=0&sync_timestamp=1616695550587&other_urls=https%3A%2F%2Fregistry.npm.taobao.org%2F%40types%2Fnode%2Fdownload%2F%40types%2Fnode-14.14.36.tgz#5637905dbb15c30a33a3c65b9ef7c20e3c85ebad"
  integrity sha1-VjeQXbsVwwozo8ZbnvfCDjyF660=
